
Microsoft Visual Studio Solution File, Format Version 12.00
# Visual Studio Version 16
VisualStudioVersion = 16.0.31321.278
MinimumVisualStudioVersion = 10.0.40219.1
Project("{9A19103F-16F7-4668-BE54-9A1E7A4F7556}") = "Biotransformer_Assistant", "Biotransformer_Assistant\Biotransformer_Assistant.csproj", "{C709472D-130D-4D9A-AA0B-461071DEAAB5}"
EndProject
Global
	GlobalSection(SolutionConfigurationPlatforms) = preSolution
		Debug|Any CPU = Debug|Any CPU
		Release|Any CPU = Release|Any CPU
	EndGlobalSection
	GlobalSection(ProjectConfigurationPlatforms) = postSolution
		{C709472D-130D-4D9A-AA0B-461071DEAAB5}.Debug|Any CPU.ActiveCfg = Debug|Any CPU
		{C709472D-130D-4D9A-AA0B-461071DEAAB5}.Debug|Any CPU.Build.0 = Debug|Any CPU
		{C709472D-130D-4D9A-AA0B-461071DEAAB5}.Release|Any CPU.ActiveCfg = Release|Any CPU
		{C709472D-130D-4D9A-AA0B-461071DEAAB5}.Release|Any CPU.Build.0 = Release|Any CPU
	EndGlobalSection
	GlobalSection(SolutionProperties) = preSolution
		HideSolutionNode = FALSE
	EndGlobalSection
	GlobalSection(ExtensibilityGlobals) = postSolution
		SolutionGuid = {A5A129A3-A72D-4A1E-9A32-52EE0387878D}
	EndGlobalSection
EndGlobal
